{
    "_readme": [
        "This file locks the dependencies of your project to a known state",
        "Read more about it at https://getcomposer.org/doc/01-basic-usage.md#installing-dependencies",
        "This file is @generated automatically"
    ],
    "content-hash": "5e6d8d5f7af91da0a851df59cef5d7fa",
    "packages": [
        {
            "name": "william/base",
            "version": "dev-main",
            "dist": {
                "type": "path",
                "url": "vendor/william/base",
                "reference": "7b788dc25f103829d18cfea78f503cb39c3b97c4"
            },
            "type": "library",
            "autoload": {
                "psr-4": {
                    "William\\Base\\": "src/"
                }
            },
            "authors": [
                {
                    "name": "Nguyen Tuan Canh",
                    "email": "tuancanhit@gamil.com"
                }
            ],
            "transport-options": {
                "relative": true
            }
        }
    ],
    "packages-dev": [],
    "aliases": [],
    "minimum-stability": "dev",
    "stability-flags": [],
    "prefer-stable": false,
    "prefer-lowest": false,
    "platform": [],
    "platform-dev": [],
    "plugin-api-version": "2.3.0"
}
